
Microsoft Visual Studio Solution File, Format Version 11.00
# Visual Studio 2010
Project("{8BC9CEB8-8B4A-11D0-8D11-00A0C91BC942}") = "naichichi2", "naichichi2\naichichi2.vcxproj", "{0F101CD2-1057-47DE-A73E-823615920B43}"
EndProject
Project("{8BC9CEB8-8B4A-11D0-8D11-00A0C91BC942}") = "lua", "lua\lua.vcxproj", "{C31C38B4-989A-4CF7-A686-34177C9CE350}"
EndProject
Project("{8BC9CEB8-8B4A-11D0-8D11-00A0C91BC942}") = "julius", "julius\julius.vcxproj", "{56DB4E5D-BA0A-4DB1-AADC-45DFC5660202}"
EndProject
Project("{8BC9CEB8-8B4A-11D0-8D11-00A0C91BC942}") = "liblinear", "liblinear\liblinear.vcxproj", "{591E154D-1F64-40B3-B16F-5F16A660536A}"
EndProject
Project("{8BC9CEB8-8B4A-11D0-8D11-00A0C91BC942}") = "zlib", "zlib\zlib.vcxproj", "{AB3A7F89-D978-454B-90EA-6EDF32228EA9}"
EndProject
Project("{8BC9CEB8-8B4A-11D0-8D11-00A0C91BC942}") = "portaudio", "portaudio\portaudio.vcxproj", "{C7C9F2E1-315F-439E-A79F-96E97E0BA77C}"
EndProject
Project("{8BC9CEB8-8B4A-11D0-8D11-00A0C91BC942}") = "libsvm", "libsvm\libsvm.vcxproj", "{AD94DA6A-8977-4769-A931-B1F1E452DE5F}"
EndProject
Project("{8BC9CEB8-8B4A-11D0-8D11-00A0C91BC942}") = "openjtalk", "openjtalk\openjtalk.vcxproj", "{9AAE796F-247C-44FA-8BEE-F1DB12B8D0C1}"
EndProject
Global
	GlobalSection(SolutionConfigurationPlatforms) = preSolution
		Debug|Win32 = Debug|Win32
		Release|Win32 = Release|Win32
	EndGlobalSection
	GlobalSection(ProjectConfigurationPlatforms) = postSolution
		{0F101CD2-1057-47DE-A73E-823615920B43}.Debug|Win32.ActiveCfg = Debug|Win32
		{0F101CD2-1057-47DE-A73E-823615920B43}.Debug|Win32.Build.0 = Debug|Win32
		{0F101CD2-1057-47DE-A73E-823615920B43}.Release|Win32.ActiveCfg = Release|Win32
		{0F101CD2-1057-47DE-A73E-823615920B43}.Release|Win32.Build.0 = Release|Win32
		{C31C38B4-989A-4CF7-A686-34177C9CE350}.Debug|Win32.ActiveCfg = Debug|Win32
		{C31C38B4-989A-4CF7-A686-34177C9CE350}.Debug|Win32.Build.0 = Debug|Win32
		{C31C38B4-989A-4CF7-A686-34177C9CE350}.Release|Win32.ActiveCfg = Release|Win32
		{C31C38B4-989A-4CF7-A686-34177C9CE350}.Release|Win32.Build.0 = Release|Win32
		{56DB4E5D-BA0A-4DB1-AADC-45DFC5660202}.Debug|Win32.ActiveCfg = Debug|Win32
		{56DB4E5D-BA0A-4DB1-AADC-45DFC5660202}.Debug|Win32.Build.0 = Debug|Win32
		{56DB4E5D-BA0A-4DB1-AADC-45DFC5660202}.Release|Win32.ActiveCfg = Release|Win32
		{56DB4E5D-BA0A-4DB1-AADC-45DFC5660202}.Release|Win32.Build.0 = Release|Win32
		{591E154D-1F64-40B3-B16F-5F16A660536A}.Debug|Win32.ActiveCfg = Debug|Win32
		{591E154D-1F64-40B3-B16F-5F16A660536A}.Debug|Win32.Build.0 = Debug|Win32
		{591E154D-1F64-40B3-B16F-5F16A660536A}.Release|Win32.ActiveCfg = Release|Win32
		{591E154D-1F64-40B3-B16F-5F16A660536A}.Release|Win32.Build.0 = Release|Win32
		{AB3A7F89-D978-454B-90EA-6EDF32228EA9}.Debug|Win32.ActiveCfg = Debug|Win32
		{AB3A7F89-D978-454B-90EA-6EDF32228EA9}.Debug|Win32.Build.0 = Debug|Win32
		{AB3A7F89-D978-454B-90EA-6EDF32228EA9}.Release|Win32.ActiveCfg = Release|Win32
		{AB3A7F89-D978-454B-90EA-6EDF32228EA9}.Release|Win32.Build.0 = Release|Win32
		{C7C9F2E1-315F-439E-A79F-96E97E0BA77C}.Debug|Win32.ActiveCfg = Debug|Win32
		{C7C9F2E1-315F-439E-A79F-96E97E0BA77C}.Debug|Win32.Build.0 = Debug|Win32
		{C7C9F2E1-315F-439E-A79F-96E97E0BA77C}.Release|Win32.ActiveCfg = Release|Win32
		{C7C9F2E1-315F-439E-A79F-96E97E0BA77C}.Release|Win32.Build.0 = Release|Win32
		{AD94DA6A-8977-4769-A931-B1F1E452DE5F}.Debug|Win32.ActiveCfg = Debug|Win32
		{AD94DA6A-8977-4769-A931-B1F1E452DE5F}.Debug|Win32.Build.0 = Debug|Win32
		{AD94DA6A-8977-4769-A931-B1F1E452DE5F}.Release|Win32.ActiveCfg = Release|Win32
		{AD94DA6A-8977-4769-A931-B1F1E452DE5F}.Release|Win32.Build.0 = Release|Win32
		{9AAE796F-247C-44FA-8BEE-F1DB12B8D0C1}.Debug|Win32.ActiveCfg = Debug|Win32
		{9AAE796F-247C-44FA-8BEE-F1DB12B8D0C1}.Debug|Win32.Build.0 = Debug|Win32
		{9AAE796F-247C-44FA-8BEE-F1DB12B8D0C1}.Release|Win32.ActiveCfg = Release|Win32
		{9AAE796F-247C-44FA-8BEE-F1DB12B8D0C1}.Release|Win32.Build.0 = Release|Win32
	EndGlobalSection
	GlobalSection(SolutionProperties) = preSolution
		HideSolutionNode = FALSE
	EndGlobalSection
EndGlobal
