<?xml version="1.0" encoding="utf-8"?>
<Project ToolsVersion="4.0" xmlns="http://schemas.microsoft.com/developer/msbuild/2003">
  <ItemGroup>
    <Filter Include="Source Files">
      <UniqueIdentifier>{528cd6b9-6662-4493-946c-a064dcd9b172}</UniqueIdentifier>
      <Extensions>cpp;c;cxx;rc;def;r;odl;idl;hpj;bat</Extensions>
    </Filter>
    <Filter Include="Header Files">
      <UniqueIdentifier>{d2430eec-3edf-4be7-ba78-f67bf8af3f8e}</UniqueIdentifier>
      <Extensions>h;hpp;hxx;hm;inl</Extensions>
    </Filter>
    <Filter Include="Resource Files">
      <UniqueIdentifier>{938b5414-7d52-48cc-b1b1-8f6a91ea698c}</UniqueIdentifier>
      <Extensions>ico;cur;bmp;dlg;rc2;rct;bin;rgs;gif;jpg;jpeg;jpe</Extensions>
    </Filter>
  </ItemGroup>
  <ItemGroup>
    <ClCompile Include="comm.cpp">
      <Filter>Source Files</Filter>
    </ClCompile>
    <ClCompile Include="main.cpp">
      <Filter>Source Files</Filter>
    </ClCompile>
    <ClCompile Include="RAlreadyException.cpp">
      <Filter>Source Files</Filter>
    </ClCompile>
    <ClCompile Include="RAutoLibraryWithException.cpp">
      <Filter>Source Files</Filter>
    </ClCompile>
    <ClCompile Include="RComException.cpp">
      <Filter>Source Files</Filter>
    </ClCompile>
    <ClCompile Include="RConferException.cpp">
      <Filter>Source Files</Filter>
    </ClCompile>
    <ClCompile Include="RDoNotInitaliseException.cpp">
      <Filter>Source Files</Filter>
    </ClCompile>
    <ClCompile Include="RException.cpp">
      <Filter>Source Files</Filter>
    </ClCompile>
    <ClCompile Include="RFileNotFoundException.cpp">
      <Filter>Source Files</Filter>
    </ClCompile>
    <ClCompile Include="RIOCannotCloseException.cpp">
      <Filter>Source Files</Filter>
    </ClCompile>
    <ClCompile Include="RIOCannotOpenException.cpp">
      <Filter>Source Files</Filter>
    </ClCompile>
    <ClCompile Include="RIOCannotReadException.cpp">
      <Filter>Source Files</Filter>
    </ClCompile>
    <ClCompile Include="RIOCannotWriteException.cpp">
      <Filter>Source Files</Filter>
    </ClCompile>
    <ClCompile Include="RIOException.cpp">
      <Filter>Source Files</Filter>
    </ClCompile>
    <ClCompile Include="RNoComplateException.cpp">
      <Filter>Source Files</Filter>
    </ClCompile>
    <ClCompile Include="RNotFoundException.cpp">
      <Filter>Source Files</Filter>
    </ClCompile>
    <ClCompile Include="RNotSupportException.cpp">
      <Filter>Source Files</Filter>
    </ClCompile>
    <ClCompile Include="ROutOfRangeException.cpp">
      <Filter>Source Files</Filter>
    </ClCompile>
    <ClCompile Include="RParseException.cpp">
      <Filter>Source Files</Filter>
    </ClCompile>
    <ClCompile Include="RSpeechRecognition.cpp">
      <Filter>Source Files</Filter>
    </ClCompile>
    <ClCompile Include="RStdioFile.cpp">
      <Filter>Source Files</Filter>
    </ClCompile>
    <ClCompile Include="RWin32Exception.cpp">
      <Filter>Source Files</Filter>
    </ClCompile>
  </ItemGroup>
  <ItemGroup>
    <ClInclude Include="comm.h">
      <Filter>Header Files</Filter>
    </ClInclude>
    <ClInclude Include="RAlreadyException.h">
      <Filter>Header Files</Filter>
    </ClInclude>
    <ClInclude Include="RAutoLibraryWithException.h">
      <Filter>Header Files</Filter>
    </ClInclude>
    <ClInclude Include="RComException.h">
      <Filter>Header Files</Filter>
    </ClInclude>
    <ClInclude Include="RConferException.h">
      <Filter>Header Files</Filter>
    </ClInclude>
    <ClInclude Include="RDoNotInitaliseException.h">
      <Filter>Header Files</Filter>
    </ClInclude>
    <ClInclude Include="RException.h">
      <Filter>Header Files</Filter>
    </ClInclude>
    <ClInclude Include="RFileNotFoundException.h">
      <Filter>Header Files</Filter>
    </ClInclude>
    <ClInclude Include="RIOCannotCloseException.h">
      <Filter>Header Files</Filter>
    </ClInclude>
    <ClInclude Include="RIOCannotOpenException.h">
      <Filter>Header Files</Filter>
    </ClInclude>
    <ClInclude Include="RIOCannotReadException.h">
      <Filter>Header Files</Filter>
    </ClInclude>
    <ClInclude Include="RIOCannotWriteException.h">
      <Filter>Header Files</Filter>
    </ClInclude>
    <ClInclude Include="RIOException.h">
      <Filter>Header Files</Filter>
    </ClInclude>
    <ClInclude Include="RNoComplateException.h">
      <Filter>Header Files</Filter>
    </ClInclude>
    <ClInclude Include="RNotFoundException.h">
      <Filter>Header Files</Filter>
    </ClInclude>
    <ClInclude Include="RNotSupportException.h">
      <Filter>Header Files</Filter>
    </ClInclude>
    <ClInclude Include="ROutOfRangeException.h">
      <Filter>Header Files</Filter>
    </ClInclude>
    <ClInclude Include="RParseException.h">
      <Filter>Header Files</Filter>
    </ClInclude>
    <ClInclude Include="RSpeechRecognition.h">
      <Filter>Header Files</Filter>
    </ClInclude>
    <ClInclude Include="RStdioFile.h">
      <Filter>Header Files</Filter>
    </ClInclude>
    <ClInclude Include="RWin32Exception.h">
      <Filter>Header Files</Filter>
    </ClInclude>
    <ClInclude Include="stdafx.h">
      <Filter>Header Files</Filter>
    </ClInclude>
  </ItemGroup>
</Project>