
Microsoft Visual Studio Solution File, Format Version 11.00
# Visual Studio 2010
Project("{8BC9CEB8-8B4A-11D0-8D11-00A0C91BC942}") = "julius-plus", "julius-plus\julius-plus.vcxproj", "{DCA697CE-B1EC-4DE9-9EFD-30FA2C9C36F5}"
EndProject
Global
	GlobalSection(SolutionConfigurationPlatforms) = preSolution
		Debug|Win32 = Debug|Win32
		Release|Win32 = Release|Win32
	EndGlobalSection
	GlobalSection(ProjectConfigurationPlatforms) = postSolution
		{DCA697CE-B1EC-4DE9-9EFD-30FA2C9C36F5}.Debug|Win32.ActiveCfg = Debug|Win32
		{DCA697CE-B1EC-4DE9-9EFD-30FA2C9C36F5}.Debug|Win32.Build.0 = Debug|Win32
		{DCA697CE-B1EC-4DE9-9EFD-30FA2C9C36F5}.Release|Win32.ActiveCfg = Release|Win32
		{DCA697CE-B1EC-4DE9-9EFD-30FA2C9C36F5}.Release|Win32.Build.0 = Release|Win32
	EndGlobalSection
	GlobalSection(SolutionProperties) = preSolution
		HideSolutionNode = FALSE
	EndGlobalSection
EndGlobal
